{
  "name": "elephant-backup",
  "version": "2.0.0",
  "lockfileVersion": 2,
  "requires": true,
  "packages": {
    "": {
      "name": "elephant-backup",
      "version": "2.0.0",
      "license": "BSD 2-Clause",
      "dependencies": {
        "commander": "^9.3.0"
      },
      "bin": {
        "elephant-backup": "src/main.js"
      },
      "devDependencies": {
        "@types/node": "^18.6.1"
      },
      "engines": {
        "node": ">=16.16.0"
      }
    },
    "node_modules/@types/node": {
      "version": "18.7.13",
      "resolved": "https://registry.npmjs.org/@types/node/-/node-18.7.13.tgz",
      "integrity": "sha512-46yIhxSe5xEaJZXWdIBP7GU4HDTG8/eo0qd9atdiL+lFpA03y8KS+lkTN834TWJj5767GbWv4n/P6efyTFt1Dw==",
      "dev": true
    },
    "node_modules/commander": {
      "version": "9.4.0",
      "resolved": "https://registry.npmjs.org/commander/-/commander-9.4.0.tgz",
      "integrity": "sha512-sRPT+umqkz90UA8M1yqYfnHlZA7fF6nSphDtxeywPZ49ysjxDQybzk13CL+mXekDRG92skbcqCLVovuCusNmFw==",
      "engines": {
        "node": "^12.20.0 || >=14"
      }
    }
  },
  "dependencies": {
    "@types/node": {
      "version": "18.7.13",
      "resolved": "https://registry.npmjs.org/@types/node/-/node-18.7.13.tgz",
      "integrity": "sha512-46yIhxSe5xEaJZXWdIBP7GU4HDTG8/eo0qd9atdiL+lFpA03y8KS+lkTN834TWJj5767GbWv4n/P6efyTFt1Dw==",
      "dev": true
    },
    "commander": {
      "version": "9.4.0",
      "resolved": "https://registry.npmjs.org/commander/-/commander-9.4.0.tgz",
      "integrity": "sha512-sRPT+umqkz90UA8M1yqYfnHlZA7fF6nSphDtxeywPZ49ysjxDQybzk13CL+mXekDRG92skbcqCLVovuCusNmFw=="
    }
  }
}
